{
  "name": "vlab-ac",
  "lockfileVersion": 2,
  "requires": true,
  "packages": {
    "": {
      "dependencies": {
        "@jsplumb/browser-ui": "^5.0.6"
      }
    },
    "node_modules/@jsplumb/browser-ui": {
      "version": "5.0.6",
      "resolved": "https://registry.npmjs.org/@jsplumb/browser-ui/-/browser-ui-5.0.6.tgz",
      "integrity": "sha512-KS8cSIrazWsQz6EaXJKEBGlOJYUQOqu9HvyJ5WCPerTtRg+Vh1no1KKBq3VT+H5JvwuB3Aq+DX1kYmen6RklIQ==",
      "dependencies": {
        "@jsplumb/core": "5.0.6"
      }
    },
    "node_modules/@jsplumb/common": {
      "version": "5.0.6",
      "resolved": "https://registry.npmjs.org/@jsplumb/common/-/common-5.0.6.tgz",
      "integrity": "sha512-ATjNQRbWiSd5dzVZSXlbdS/lFloqsTqNI3HEoYLCCIFF1Q8dUGhMScV6J5zjaIM/vdDuXqgBiARAXALFLHXhfg==",
      "dependencies": {
        "@jsplumb/util": "5.0.6"
      }
    },
    "node_modules/@jsplumb/core": {
      "version": "5.0.6",
      "resolved": "https://registry.npmjs.org/@jsplumb/core/-/core-5.0.6.tgz",
      "integrity": "sha512-oht4+kmCXL3dFMbaHS+SxNxilxIEf+IetZIpYZ213GAQvoCsiMaAehXumvJLFpmqzUFADgnATxAG3fF1Ei//GQ==",
      "dependencies": {
        "@jsplumb/common": "5.0.6"
      }
    },
    "node_modules/@jsplumb/util": {
      "version": "5.0.6",
      "resolved": "https://registry.npmjs.org/@jsplumb/util/-/util-5.0.6.tgz",
      "integrity": "sha512-8l8NzfxS9uRtaAQlvqr7uJlGA3f7piW9n2lEI4uQh2fH1zkigzm/FmBBXGdSWRv88TAaUyAjlSVbowJcCT88gA=="
    }
  },
  "dependencies": {
    "@jsplumb/browser-ui": {
      "version": "5.0.6",
      "resolved": "https://registry.npmjs.org/@jsplumb/browser-ui/-/browser-ui-5.0.6.tgz",
      "integrity": "sha512-KS8cSIrazWsQz6EaXJKEBGlOJYUQOqu9HvyJ5WCPerTtRg+Vh1no1KKBq3VT+H5JvwuB3Aq+DX1kYmen6RklIQ==",
      "requires": {
        "@jsplumb/core": "5.0.6"
      }
    },
    "@jsplumb/common": {
      "version": "5.0.6",
      "resolved": "https://registry.npmjs.org/@jsplumb/common/-/common-5.0.6.tgz",
      "integrity": "sha512-ATjNQRbWiSd5dzVZSXlbdS/lFloqsTqNI3HEoYLCCIFF1Q8dUGhMScV6J5zjaIM/vdDuXqgBiARAXALFLHXhfg==",
      "requires": {
        "@jsplumb/util": "5.0.6"
      }
    },
    "@jsplumb/core": {
      "version": "5.0.6",
      "resolved": "https://registry.npmjs.org/@jsplumb/core/-/core-5.0.6.tgz",
      "integrity": "sha512-oht4+kmCXL3dFMbaHS+SxNxilxIEf+IetZIpYZ213GAQvoCsiMaAehXumvJLFpmqzUFADgnATxAG3fF1Ei//GQ==",
      "requires": {
        "@jsplumb/common": "5.0.6"
      }
    },
    "@jsplumb/util": {
      "version": "5.0.6",
      "resolved": "https://registry.npmjs.org/@jsplumb/util/-/util-5.0.6.tgz",
      "integrity": "sha512-8l8NzfxS9uRtaAQlvqr7uJlGA3f7piW9n2lEI4uQh2fH1zkigzm/FmBBXGdSWRv88TAaUyAjlSVbowJcCT88gA=="
    }
  }
}
